{
  "version": 4,
  "terraform_version": "1.6.6",
  "serial": 15,
  "lineage": "f362a592-d496-0c49-65a3-fbbf54a28779",
  "outputs": {
    "cluster_name": {
      "value": "diploma-k8s-cluster",
      "type": "string"
    },
    "region": {
      "value": "europe-west1",
      "type": "string"
    }
  },
  "resources": [
    {
      "mode": "managed",
      "type": "google_container_cluster",
      "name": "primary",
      "provider": "provider[\"registry.terraform.io/hashicorp/google\"]",
      "instances": [
        {
          "schema_version": 2,
          "attributes": {
            "addons_config": [
              {
                "cloudrun_config": [],
                "config_connector_config": [],
                "dns_cache_config": [],
                "gce_persistent_disk_csi_driver_config": [
                  {
                    "enabled": true
                  }
                ],
                "gcp_filestore_csi_driver_config": [],
                "gcs_fuse_csi_driver_config": [],
                "gke_backup_agent_config": [],
                "horizontal_pod_autoscaling": [],
                "http_load_balancing": [],
                "network_policy_config": [
                  {
                    "disabled": true
                  }
                ],
                "parallelstore_csi_driver_config": [],
                "ray_operator_config": [],
                "stateful_ha_config": []
              }
            ],
            "allow_net_admin": null,
            "authenticator_groups_config": [],
            "binary_authorization": [
              {
                "enabled": false,
                "evaluation_mode": ""
              }
            ],
            "cluster_autoscaling": [
              {
                "auto_provisioning_defaults": [],
                "auto_provisioning_locations": [],
                "autoscaling_profile": "BALANCED",
                "enabled": false,
                "resource_limits": []
              }
            ],
            "cluster_ipv4_cidr": "10.124.0.0/14",
            "confidential_nodes": [],
            "control_plane_endpoints_config": [
              {
                "dns_endpoint_config": [
                  {
                    "allow_external_traffic": false,
                    "endpoint": "gke-cfd37f43b50d4f05b1540e75219fda8059b4-660459513001.europe-west1.gke.goog"
                  }
                ],
                "ip_endpoints_config": [
                  {
                    "enabled": true
                  }
                ]
              }
            ],
            "cost_management_config": [],
            "database_encryption": [
              {
                "key_name": "",
                "state": "DECRYPTED"
              }
            ],
            "datapath_provider": "",
            "default_max_pods_per_node": 110,
            "default_snat_status": [
              {
                "disabled": false
              }
            ],
            "deletion_protection": false,
            "description": "",
            "disable_l4_lb_firewall_reconciliation": false,
            "dns_config": [],
            "effective_labels": {
              "goog-terraform-provisioned": "true"
            },
            "enable_autopilot": false,
            "enable_cilium_clusterwide_network_policy": false,
            "enable_fqdn_network_policy": false,
            "enable_intranode_visibility": false,
            "enable_k8s_beta_apis": [],
            "enable_kubernetes_alpha": false,
            "enable_l4_ilb_subsetting": false,
            "enable_legacy_abac": false,
            "enable_multi_networking": false,
            "enable_shielded_nodes": true,
            "enable_tpu": false,
            "endpoint": "35.205.161.221",
            "enterprise_config": [
              {
                "cluster_tier": "STANDARD",
                "desired_tier": ""
              }
            ],
            "fleet": [],
            "gateway_api_config": [],
            "id": "projects/soy-lore-450513-d6/locations/europe-west1/clusters/diplom-cluster",
            "identity_service_config": [],
            "initial_node_count": 1,
            "ip_allocation_policy": [
              {
                "additional_pod_ranges_config": [],
                "cluster_ipv4_cidr_block": "10.124.0.0/14",
                "cluster_secondary_range_name": "gke-diplom-cluster-pods-cfd37f43",
                "pod_cidr_overprovision_config": [
                  {
                    "disabled": false
                  }
                ],
                "services_ipv4_cidr_block": "34.118.224.0/20",
                "services_secondary_range_name": "",
                "stack_type": "IPV4"
              }
            ],
            "label_fingerprint": "78cdf2f6",
            "location": "europe-west1",
            "logging_config": [
              {
                "enable_components": [
                  "SYSTEM_COMPONENTS",
                  "WORKLOADS"
                ]
              }
            ],
            "logging_service": "logging.googleapis.com/kubernetes",
            "maintenance_policy": [],
            "master_auth": [
              {
                "client_certificate": "",
                "client_certificate_config": [
                  {
                    "issue_client_certificate": false
                  }
                ],
                "client_key": "",
                "cluster_ca_certificate": "LS0tLS1CRUdJTiBDRVJUSUZJQ0FURS0tLS0tCk1JSUVMVENDQXBXZ0F3SUJBZ0lSQVBrOTN2dUlHak95NTJUNlJUQ3daQXd3RFFZSktvWklodmNOQVFFTEJRQXcKTHpFdE1Dc0dBMVVFQXhNa01qWTVNems0WXpBdE9UUTBZeTAwTlRZd0xXRTRPVE10T0RZM1pEZ3dZekpqTVRVMgpNQ0FYRFRJMU1EUXhNakEzTURjME4xb1lEekl3TlRVd05EQTFNRGd3TnpRM1dqQXZNUzB3S3dZRFZRUURFeVF5Ck5qa3pPVGhqTUMwNU5EUmpMVFExTmpBdFlUZzVNeTA0Tmpka09EQmpNbU14TlRZd2dnR2lNQTBHQ1NxR1NJYjMKRFFFQkFRVUFBNElCandBd2dnR0tBb0lCZ1FDWStZK3ZERk1GMlB4TTg5YlpjRk4yUW45TGJ3cGQyRWREOEhOZgpiNlc4eExWaXBMYmdRbWJ6NSs1SlovMGRTSnd5SzNtU214aDJIUU9leGxVekJUWEg4VDJNWkJjVHJOQjFGWHQwCnJwdjRveUh4U0FONitPUDd0c2NOdUI1UTlKSGIvN01GSjFma2htNjhYVkU2bnQ2VXJmazd4U09GNFN2aGxvVmMKNjNjYVZZS0o5ZGN2VXB5RWpSaHFOZ0NtRjFrdE9Za2VVTVNTdjBlNm9PeUM4NXMrSW9Yb2JYcVlla3JwNWRMYgplYWFGTjRWY3c0OFd2cm55cElEYzN1NXVaRlBhMGZSRTFUOVdoamlxQUdUVzd5NUNGdDFjTkkzbUYvRlg0MTloCnFydDY4ZjJoREUwMmwvQUNwUE1OU1MrYldWdjVQMW42eC90QVVVaktxUHpwemZ5cGNyR1NTTHBuVzNCUVZOUzQKMjJSZWFmWGpRVm9CVU14UGVrNmdMZGNXQWREWnJ0Kzl4eEhMSjFhT3V4ZnNOTm04clYzL1p6Q0tUWE9GaUR2QQpQdFN5UnRPMGptMDJILytBTWxjYUdZRnF0ODFib2VLRUlBZ0NHZ2xqOXN4cTN5a0VJSnpaZ2hyL0Q5eHVnb3hlCkdmSFZUMlNFaCs0S1R1RWI5WDlWZjVIS0pVVUNBd0VBQWFOQ01FQXdEZ1lEVlIwUEFRSC9CQVFEQWdJRU1BOEcKQTFVZEV3RUIvd1FGTUFNQkFmOHdIUVlEVlIwT0JCWUVGSHZFdzloVnJjYkF4ek5WMEFQZFBONEZTVFkyTUEwRwpDU3FHU0liM0RRRUJDd1VBQTRJQmdRQjg3VUZxUXpwdGNDbGlkdVo1dE5QT3ZqbzF4ZXNhVVh3NE0wRkdENlpxCjduc1NtSGYwMi9GODVseS9idjdDcHVjUndQVVJsTktjZGRYWkNwaWFleit1MFp5bGtOTVl6WU9KQ2drU0F0d0QKVmJsdW5wV1NwYU9yL1BqekVGNGhlV3NEc243SDIwb1FyYk5iYW84T0NldC9ja1d2eG5EeTRvd29hZGQ1YlIxKwpkakRaZHN3V1hxY3ZaS1BqNi9QVGVYVDlFNVpzNDFrMVh2STVyUS9VY2VZaHVMT3hSUEdZYzdLQy85MU1VUzYyClJmYU5CeFFlb3RLVHdpeDV2RHZVTWZNWDYxL29TL05FSmtreWVudzZEZFJxZFJwYTRvUUJvbGFNU053ajNpb1EKYnc2eGsyUGRrVzdyMVlyU2cwTXM2MXJqRjFvOEM0ZnlHWXE4MUJMZDJaOSsxbzN1R2lITjIxUEJqcEZBM1YwZQphNWtFZGFiSW5kQW9xRmMxSzEzem15b2lPY0JYY01nc24vTFBlTXgvY1hhaG10Y2dIc1NGS0NtWmhheEVTUzJhClpkM2hxblpmMTN2NzYyUmpNK21tTVhVNFBOSGVlUFZoTi8ramNjRGxxRDNTM1JoU0twbkdOUG5WSFQxVTEyMFYKY1E5cEswYVdoendBK0lJVWlzNzNvMXM9Ci0tLS0tRU5EIENFUlRJRklDQVRFLS0tLS0K"
              }
            ],
            "master_authorized_networks_config": [],
            "master_version": "1.31.6-gke.1020000",
            "mesh_certificates": [],
            "min_master_version": null,
            "monitoring_config": [
              {
                "advanced_datapath_observability_config": [
                  {
                    "enable_metrics": false,
                    "enable_relay": false
                  }
                ],
                "enable_components": [
                  "SYSTEM_COMPONENTS",
                  "DAEMONSET",
                  "DEPLOYMENT",
                  "STATEFULSET",
                  "STORAGE",
                  "HPA",
                  "POD",
                  "CADVISOR",
                  "KUBELET"
                ],
                "managed_prometheus": [
                  {
                    "auto_monitoring_config": [],
                    "enabled": true
                  }
                ]
              }
            ],
            "monitoring_service": "monitoring.googleapis.com/kubernetes",
            "name": "diplom-cluster",
            "network": "projects/soy-lore-450513-d6/global/networks/default",
            "network_policy": [
              {
                "enabled": false,
                "provider": "PROVIDER_UNSPECIFIED"
              }
            ],
            "networking_mode": "VPC_NATIVE",
            "node_config": [],
            "node_locations": [
              "europe-west1-b",
              "europe-west1-c",
              "europe-west1-d"
            ],
            "node_pool": [],
            "node_pool_auto_config": [],
            "node_pool_defaults": [
              {
                "node_config_defaults": [
                  {
                    "containerd_config": [],
                    "gcfs_config": [],
                    "insecure_kubelet_readonly_port_enabled": "FALSE",
                    "logging_variant": "DEFAULT"
                  }
                ]
              }
            ],
            "node_version": "1.31.6-gke.1020000",
            "notification_config": [
              {
                "pubsub": [
                  {
                    "enabled": false,
                    "filter": [],
                    "topic": ""
                  }
                ]
              }
            ],
            "operation": null,
            "private_cluster_config": [
              {
                "enable_private_endpoint": false,
                "enable_private_nodes": false,
                "master_global_access_config": [
                  {
                    "enabled": false
                  }
                ],
                "master_ipv4_cidr_block": "",
                "peering_name": "",
                "private_endpoint": "10.132.0.6",
                "private_endpoint_subnetwork": "",
                "public_endpoint": "35.205.161.221"
              }
            ],
            "private_ipv6_google_access": "",
            "project": "soy-lore-450513-d6",
            "release_channel": [
              {
                "channel": "REGULAR"
              }
            ],
            "remove_default_node_pool": true,
            "resource_labels": {},
            "resource_usage_export_config": [],
            "secret_manager_config": [
              {
                "enabled": false
              }
            ],
            "security_posture_config": [
              {
                "mode": "BASIC",
                "vulnerability_mode": "VULNERABILITY_MODE_UNSPECIFIED"
              }
            ],
            "self_link": "https://container.googleapis.com/v1/projects/soy-lore-450513-d6/locations/europe-west1/clusters/diplom-cluster",
            "service_external_ips_config": [
              {
                "enabled": false
              }
            ],
            "services_ipv4_cidr": "34.118.224.0/20",
            "subnetwork": "projects/soy-lore-450513-d6/regions/europe-west1/subnetworks/default",
            "terraform_labels": {
              "goog-terraform-provisioned": "true"
            },
            "timeouts": null,
            "tpu_ipv4_cidr_block": "",
            "user_managed_keys_config": [],
            "vertical_pod_autoscaling": [],
            "workload_identity_config": []
          },
          "sensitive_attributes": [],
          "private": "eyJlMmJmYjczMC1lY2FhLTExZTYtOGY4OC0zNDM2M2JjN2M0YzAiOnsiY3JlYXRlIjoyNDAwMDAwMDAwMDAwLCJkZWxldGUiOjI0MDAwMDAwMDAwMDAsInJlYWQiOjI0MDAwMDAwMDAwMDAsInVwZGF0ZSI6MzYwMDAwMDAwMDAwMH0sInNjaGVtYV92ZXJzaW9uIjoiMiJ9"
        }
      ]
    },
    {
      "mode": "managed",
      "type": "google_container_node_pool",
      "name": "primary_nodes",
      "provider": "provider[\"registry.terraform.io/hashicorp/google\"]",
      "instances": [
        {
          "schema_version": 1,
          "attributes": {
            "autoscaling": [],
            "cluster": "diplom-cluster",
            "id": "projects/soy-lore-450513-d6/locations/europe-west1/clusters/diplom-cluster/nodePools/default-node-pool",
            "initial_node_count": 2,
            "instance_group_urls": [
              "https://www.googleapis.com/compute/v1/projects/soy-lore-450513-d6/zones/europe-west1-d/instanceGroupManagers/gke-diplom-cluster-default-node-pool-b04d7807-grp",
              "https://www.googleapis.com/compute/v1/projects/soy-lore-450513-d6/zones/europe-west1-b/instanceGroupManagers/gke-diplom-cluster-default-node-pool-506cb64a-grp",
              "https://www.googleapis.com/compute/v1/projects/soy-lore-450513-d6/zones/europe-west1-c/instanceGroupManagers/gke-diplom-cluster-default-node-pool-fdf607cc-grp"
            ],
            "location": "europe-west1",
            "managed_instance_group_urls": [
              "https://www.googleapis.com/compute/v1/projects/soy-lore-450513-d6/zones/europe-west1-d/instanceGroups/gke-diplom-cluster-default-node-pool-b04d7807-grp",
              "https://www.googleapis.com/compute/v1/projects/soy-lore-450513-d6/zones/europe-west1-b/instanceGroups/gke-diplom-cluster-default-node-pool-506cb64a-grp",
              "https://www.googleapis.com/compute/v1/projects/soy-lore-450513-d6/zones/europe-west1-c/instanceGroups/gke-diplom-cluster-default-node-pool-fdf607cc-grp"
            ],
            "management": [
              {
                "auto_repair": true,
                "auto_upgrade": true
              }
            ],
            "max_pods_per_node": 110,
            "name": "default-node-pool",
            "name_prefix": "",
            "network_config": [
              {
                "additional_node_network_configs": [],
                "additional_pod_network_configs": [],
                "create_pod_range": false,
                "enable_private_nodes": false,
                "network_performance_config": [],
                "pod_cidr_overprovision_config": [],
                "pod_ipv4_cidr_block": "10.124.0.0/14",
                "pod_range": "gke-diplom-cluster-pods-cfd37f43"
              }
            ],
            "node_config": [
              {
                "advanced_machine_features": [],
                "boot_disk_kms_key": "",
                "confidential_nodes": [],
                "containerd_config": [],
                "disk_size_gb": 50,
                "disk_type": "pd-standard",
                "effective_taints": [],
                "enable_confidential_storage": false,
                "ephemeral_storage_local_ssd_config": [],
                "fast_socket": [],
                "gcfs_config": [],
                "guest_accelerator": [],
                "gvnic": [],
                "host_maintenance_policy": [],
                "image_type": "COS_CONTAINERD",
                "kubelet_config": [
                  {
                    "allowed_unsafe_sysctls": [],
                    "container_log_max_files": 0,
                    "container_log_max_size": "",
                    "cpu_cfs_quota": false,
                    "cpu_cfs_quota_period": "",
                    "cpu_manager_policy": "",
                    "image_gc_high_threshold_percent": 0,
                    "image_gc_low_threshold_percent": 0,
                    "image_maximum_gc_age": "",
                    "image_minimum_gc_age": "",
                    "insecure_kubelet_readonly_port_enabled": "TRUE",
                    "pod_pids_limit": 0
                  }
                ],
                "labels": {},
                "linux_node_config": [],
                "local_nvme_ssd_block_config": [],
                "local_ssd_count": 0,
                "local_ssd_encryption_mode": "",
                "logging_variant": "DEFAULT",
                "machine_type": "e2-medium",
                "max_run_duration": "",
                "metadata": {
                  "disable-legacy-endpoints": "true"
                },
                "min_cpu_platform": "",
                "node_group": "",
                "oauth_scopes": [
                  "https://www.googleapis.com/auth/cloud-platform"
                ],
                "preemptible": true,
                "reservation_affinity": [],
                "resource_labels": {
                  "goog-gke-node-pool-provisioning-model": "spot"
                },
                "resource_manager_tags": null,
                "secondary_boot_disks": [],
                "service_account": "default",
                "shielded_instance_config": [
                  {
                    "enable_integrity_monitoring": true,
                    "enable_secure_boot": false
                  }
                ],
                "sole_tenant_config": [],
                "spot": false,
                "storage_pools": null,
                "tags": null,
                "taint": [],
                "windows_node_config": [
                  {
                    "osversion": ""
                  }
                ],
                "workload_metadata_config": []
              }
            ],
            "node_count": 2,
            "node_locations": [
              "europe-west1-b",
              "europe-west1-c",
              "europe-west1-d"
            ],
            "operation": null,
            "placement_policy": [],
            "project": "soy-lore-450513-d6",
            "queued_provisioning": [],
            "timeouts": null,
            "upgrade_settings": [
              {
                "blue_green_settings": [],
                "max_surge": 1,
                "max_unavailable": 0,
                "strategy": "SURGE"
              }
            ],
            "version": "1.31.6-gke.1020000"
          },
          "sensitive_attributes": [],
          "private": "eyJlMmJmYjczMC1lY2FhLTExZTYtOGY4OC0zNDM2M2JjN2M0YzAiOnsiY3JlYXRlIjoxODAwMDAwMDAwMDAwLCJkZWxldGUiOjE4MDAwMDAwMDAwMDAsInVwZGF0ZSI6MTgwMDAwMDAwMDAwMH0sInNjaGVtYV92ZXJzaW9uIjoiMSJ9",
          "dependencies": [
            "google_container_cluster.primary"
          ]
        }
      ]
    }
  ],
  "check_results": null
}
